// !$*UTF8*$!
{
	archiveVersion = 1;
	classes = {
	};
	objectVersion = 50;
	objects = {

/* Begin PBXBuildFile section */
		0D45E0022506D29E00F42D66 /* SecondaryLabel.swift in Sources */ = {isa = PBXBuildFile; fileRef = 0D45E0012506D29E00F42D66 /* SecondaryLabel.swift */; };
		0D45E0042506D7FF00F42D66 /* ErrorCell.swift in Sources */ = {isa = PBXBuildFile; fileRef = 0D45E0032506D7FF00F42D66 /* ErrorCell.swift */; };
		0D45E0062506E83D00F42D66 /* AdViewModel.swift in Sources */ = {isa = PBXBuildFile; fileRef = 0D45E0052506E83D00F42D66 /* AdViewModel.swift */; };
		0D45E0082507E99800F42D66 /* Box.swift in Sources */ = {isa = PBXBuildFile; fileRef = 0D45E0072507E99800F42D66 /* Box.swift */; };
		0DD30E1825004B8D00ADF9AF /* AppDelegate.swift in Sources */ = {isa = PBXBuildFile; fileRef = 0DD30E1725004B8D00ADF9AF /* AppDelegate.swift */; };
		0DD30E1C25004B8D00ADF9AF /* AdsViewController.swift in Sources */ = {isa = PBXBuildFile; fileRef = 0DD30E1B25004B8D00ADF9AF /* AdsViewController.swift */; };
		0DD30E2125004B8E00ADF9AF /* Assets.xcassets in Resources */ = {isa = PBXBuildFile; fileRef = 0DD30E2025004B8E00ADF9AF /* Assets.xcassets */; };
		0DD30E2425004B8E00ADF9AF /* LaunchScreen.storyboard in Resources */ = {isa = PBXBuildFile; fileRef = 0DD30E2225004B8E00ADF9AF /* LaunchScreen.storyboard */; };
		0DD30E2F25004B8F00ADF9AF /* LeboncoinTestTests.swift in Sources */ = {isa = PBXBuildFile; fileRef = 0DD30E2E25004B8F00ADF9AF /* LeboncoinTestTests.swift */; };
		0DD30E3A2502EB7500ADF9AF /* Ad.swift in Sources */ = {isa = PBXBuildFile; fileRef = 0DD30E392502EB7500ADF9AF /* Ad.swift */; };
		0DD30E3C2502EDAB00ADF9AF /* AdCell.swift in Sources */ = {isa = PBXBuildFile; fileRef = 0DD30E3B2502EDAB00ADF9AF /* AdCell.swift */; };
		0DD30E3E2502EFDC00ADF9AF /* Extensions.swift in Sources */ = {isa = PBXBuildFile; fileRef = 0DD30E3D2502EFDC00ADF9AF /* Extensions.swift */; };
		0DD30E402502FD4B00ADF9AF /* Network.swift in Sources */ = {isa = PBXBuildFile; fileRef = 0DD30E3F2502FD4B00ADF9AF /* Network.swift */; };
		0DD30E42250302E500ADF9AF /* FilterHeader.swift in Sources */ = {isa = PBXBuildFile; fileRef = 0DD30E41250302E500ADF9AF /* FilterHeader.swift */; };
		0DD30E442503721600ADF9AF /* FilterCell.swift in Sources */ = {isa = PBXBuildFile; fileRef = 0DD30E432503721600ADF9AF /* FilterCell.swift */; };
		0DD30E4A25037F1E00ADF9AF /* ImagesUrl.swift in Sources */ = {isa = PBXBuildFile; fileRef = 0DD30E4925037F1E00ADF9AF /* ImagesUrl.swift */; };
		0DD30E4C2503888B00ADF9AF /* OnlineImageView.swift in Sources */ = {isa = PBXBuildFile; fileRef = 0DD30E4B2503888B00ADF9AF /* OnlineImageView.swift */; };
		0DD30E4E2503959F00ADF9AF /* AdDetailsViewController.swift in Sources */ = {isa = PBXBuildFile; fileRef = 0DD30E4D2503959F00ADF9AF /* AdDetailsViewController.swift */; };
		0DD30E502505173300ADF9AF /* DescriptionLabel.swift in Sources */ = {isa = PBXBuildFile; fileRef = 0DD30E4F2505173300ADF9AF /* DescriptionLabel.swift */; };
		0DD30E522506216700ADF9AF /* DetailPrice.swift in Sources */ = {isa = PBXBuildFile; fileRef = 0DD30E512506216700ADF9AF /* DetailPrice.swift */; };
		0DD30E542506563800ADF9AF /* TitleLabel.swift in Sources */ = {isa = PBXBuildFile; fileRef = 0DD30E532506563800ADF9AF /* TitleLabel.swift */; };
		0DD30E562506587200ADF9AF /* RegularLabel.swift in Sources */ = {isa = PBXBuildFile; fileRef = 0DD30E552506587200ADF9AF /* RegularLabel.swift */; };
		0DD30E58250659D400ADF9AF /* BoldLabel.swift in Sources */ = {isa = PBXBuildFile; fileRef = 0DD30E57250659D400ADF9AF /* BoldLabel.swift */; };
		0DD30E5A25065CF200ADF9AF /* UrgentLabel.swift in Sources */ = {isa = PBXBuildFile; fileRef = 0DD30E5925065CF200ADF9AF /* UrgentLabel.swift */; };
/* End PBXBuildFile section */

/* Begin PBXContainerItemProxy section */
		0DD30E2B25004B8F00ADF9AF /* PBXContainerItemProxy */ = {
			isa = PBXContainerItemProxy;
			containerPortal = 0DD30E0C25004B8D00ADF9AF /* Project object */;
			proxyType = 1;
			remoteGlobalIDString = 0DD30E1325004B8D00ADF9AF;
			remoteInfo = LeboncoinTest;
		};
/* End PBXContainerItemProxy section */

/* Begin PBXFileReference section */
		0D45E0012506D29E00F42D66 /* SecondaryLabel.swift */ = {isa = PBXFileReference; lastKnownFileType = sourcecode.swift; path = SecondaryLabel.swift; sourceTree = "<group>"; };
		0D45E0032506D7FF00F42D66 /* ErrorCell.swift */ = {isa = PBXFileReference; lastKnownFileType = sourcecode.swift; path = ErrorCell.swift; sourceTree = "<group>"; };
		0D45E0052506E83D00F42D66 /* AdViewModel.swift */ = {isa = PBXFileReference; lastKnownFileType = sourcecode.swift; path = AdViewModel.swift; sourceTree = "<group>"; };
		0D45E0072507E99800F42D66 /* Box.swift */ = {isa = PBXFileReference; lastKnownFileType = sourcecode.swift; path = Box.swift; sourceTree = "<group>"; };
		0DD30E1425004B8D00ADF9AF /* LeboncoinTest.app */ = {isa = PBXFileReference; explicitFileType = wrapper.application; includeInIndex = 0; path = LeboncoinTest.app; sourceTree = BUILT_PRODUCTS_DIR; };
		0DD30E1725004B8D00ADF9AF /* AppDelegate.swift */ = {isa = PBXFileReference; lastKnownFileType = sourcecode.swift; path = AppDelegate.swift; sourceTree = "<group>"; };
		0DD30E1B25004B8D00ADF9AF /* AdsViewController.swift */ = {isa = PBXFileReference; lastKnownFileType = sourcecode.swift; path = AdsViewController.swift; sourceTree = "<group>"; };
		0DD30E2025004B8E00ADF9AF /* Assets.xcassets */ = {isa = PBXFileReference; lastKnownFileType = folder.assetcatalog; path = Assets.xcassets; sourceTree = "<group>"; };
		0DD30E2325004B8E00ADF9AF /* Base */ = {isa = PBXFileReference; lastKnownFileType = file.storyboard; name = Base; path = Base.lproj/LaunchScreen.storyboard; sourceTree = "<group>"; };
		0DD30E2525004B8E00ADF9AF /* Info.plist */ = {isa = PBXFileReference; lastKnownFileType = text.plist.xml; path = Info.plist; sourceTree = "<group>"; };
		0DD30E2A25004B8F00ADF9AF /* LeboncoinTestTests.xctest */ = {isa = PBXFileReference; explicitFileType = wrapper.cfbundle; includeInIndex = 0; path = LeboncoinTestTests.xctest; sourceTree = BUILT_PRODUCTS_DIR; };
		0DD30E2E25004B8F00ADF9AF /* LeboncoinTestTests.swift */ = {isa = PBXFileReference; lastKnownFileType = sourcecode.swift; path = LeboncoinTestTests.swift; sourceTree = "<group>"; };
		0DD30E3025004B8F00ADF9AF /* Info.plist */ = {isa = PBXFileReference; lastKnownFileType = text.plist.xml; path = Info.plist; sourceTree = "<group>"; };
		0DD30E392502EB7500ADF9AF /* Ad.swift */ = {isa = PBXFileReference; lastKnownFileType = sourcecode.swift; path = Ad.swift; sourceTree = "<group>"; };
		0DD30E3B2502EDAB00ADF9AF /* AdCell.swift */ = {isa = PBXFileReference; lastKnownFileType = sourcecode.swift; path = AdCell.swift; sourceTree = "<group>"; };
		0DD30E3D2502EFDC00ADF9AF /* Extensions.swift */ = {isa = PBXFileReference; lastKnownFileType = sourcecode.swift; path = Extensions.swift; sourceTree = "<group>"; };
		0DD30E3F2502FD4B00ADF9AF /* Network.swift */ = {isa = PBXFileReference; lastKnownFileType = sourcecode.swift; path = Network.swift; sourceTree = "<group>"; };
		0DD30E41250302E500ADF9AF /* FilterHeader.swift */ = {isa = PBXFileReference; lastKnownFileType = sourcecode.swift; path = FilterHeader.swift; sourceTree = "<group>"; };
		0DD30E432503721600ADF9AF /* FilterCell.swift */ = {isa = PBXFileReference; lastKnownFileType = sourcecode.swift; path = FilterCell.swift; sourceTree = "<group>"; };
		0DD30E4925037F1E00ADF9AF /* ImagesUrl.swift */ = {isa = PBXFileReference; lastKnownFileType = sourcecode.swift; path = ImagesUrl.swift; sourceTree = "<group>"; };
		0DD30E4B2503888B00ADF9AF /* OnlineImageView.swift */ = {isa = PBXFileReference; lastKnownFileType = sourcecode.swift; path = OnlineImageView.swift; sourceTree = "<group>"; };
		0DD30E4D2503959F00ADF9AF /* AdDetailsViewController.swift */ = {isa = PBXFileReference; lastKnownFileType = sourcecode.swift; path = AdDetailsViewController.swift; sourceTree = "<group>"; };
		0DD30E4F2505173300ADF9AF /* DescriptionLabel.swift */ = {isa = PBXFileReference; lastKnownFileType = sourcecode.swift; path = DescriptionLabel.swift; sourceTree = "<group>"; };
		0DD30E512506216700ADF9AF /* DetailPrice.swift */ = {isa = PBXFileReference; lastKnownFileType = sourcecode.swift; path = DetailPrice.swift; sourceTree = "<group>"; };
		0DD30E532506563800ADF9AF /* TitleLabel.swift */ = {isa = PBXFileReference; lastKnownFileType = sourcecode.swift; path = TitleLabel.swift; sourceTree = "<group>"; };
		0DD30E552506587200ADF9AF /* RegularLabel.swift */ = {isa = PBXFileReference; lastKnownFileType = sourcecode.swift; path = RegularLabel.swift; sourceTree = "<group>"; };
		0DD30E57250659D400ADF9AF /* BoldLabel.swift */ = {isa = PBXFileReference; lastKnownFileType = sourcecode.swift; path = BoldLabel.swift; sourceTree = "<group>"; };
		0DD30E5925065CF200ADF9AF /* UrgentLabel.swift */ = {isa = PBXFileReference; lastKnownFileType = sourcecode.swift; path = UrgentLabel.swift; sourceTree = "<group>"; };
/* End PBXFileReference section */

/* Begin PBXFrameworksBuildPhase section */
		0DD30E1125004B8D00ADF9AF /* Frameworks */ = {
			isa = PBXFrameworksBuildPhase;
			buildActionMask = 2147483647;
			files = (
			);
			runOnlyForDeploymentPostprocessing = 0;
		};
		0DD30E2725004B8F00ADF9AF /* Frameworks */ = {
			isa = PBXFrameworksBuildPhase;
			buildActionMask = 2147483647;
			files = (
			);
			runOnlyForDeploymentPostprocessing = 0;
		};
/* End PBXFrameworksBuildPhase section */

/* Begin PBXGroup section */
		0D45E0002506D14900F42D66 /* General */ = {
			isa = PBXGroup;
			children = (
				0DD30E5925065CF200ADF9AF /* UrgentLabel.swift */,
				0DD30E4B2503888B00ADF9AF /* OnlineImageView.swift */,
				0D45E0012506D29E00F42D66 /* SecondaryLabel.swift */,
				0DD30E532506563800ADF9AF /* TitleLabel.swift */,
				0DD30E57250659D400ADF9AF /* BoldLabel.swift */,
				0DD30E552506587200ADF9AF /* RegularLabel.swift */,
			);
			path = General;
			sourceTree = "<group>";
		};
		0D45E0092507EC4700F42D66 /* ViewModels */ = {
			isa = PBXGroup;
			children = (
				0D45E0052506E83D00F42D66 /* AdViewModel.swift */,
			);
			path = ViewModels;
			sourceTree = "<group>";
		};
		0DD30E0B25004B8D00ADF9AF = {
			isa = PBXGroup;
			children = (
				0DD30E1625004B8D00ADF9AF /* LeboncoinTest */,
				0DD30E2D25004B8F00ADF9AF /* LeboncoinTestTests */,
				0DD30E1525004B8D00ADF9AF /* Products */,
			);
			sourceTree = "<group>";
		};
		0DD30E1525004B8D00ADF9AF /* Products */ = {
			isa = PBXGroup;
			children = (
				0DD30E1425004B8D00ADF9AF /* LeboncoinTest.app */,
				0DD30E2A25004B8F00ADF9AF /* LeboncoinTestTests.xctest */,
			);
			name = Products;
			sourceTree = "<group>";
		};
		0DD30E1625004B8D00ADF9AF /* LeboncoinTest */ = {
			isa = PBXGroup;
			children = (
				0DD30E1725004B8D00ADF9AF /* AppDelegate.swift */,
				0DD30E482503778C00ADF9AF /* Utils */,
				0DD30E472503778300ADF9AF /* Controllers */,
				0DD30E452503777000ADF9AF /* Models */,
				0DD30E462503777C00ADF9AF /* Views */,
				0D45E0092507EC4700F42D66 /* ViewModels */,
				0DD30E2025004B8E00ADF9AF /* Assets.xcassets */,
				0DD30E2225004B8E00ADF9AF /* LaunchScreen.storyboard */,
				0DD30E2525004B8E00ADF9AF /* Info.plist */,
			);
			path = LeboncoinTest;
			sourceTree = "<group>";
		};
		0DD30E2D25004B8F00ADF9AF /* LeboncoinTestTests */ = {
			isa = PBXGroup;
			children = (
				0DD30E2E25004B8F00ADF9AF /* LeboncoinTestTests.swift */,
				0DD30E3025004B8F00ADF9AF /* Info.plist */,
			);
			path = LeboncoinTestTests;
			sourceTree = "<group>";
		};
		0DD30E452503777000ADF9AF /* Models */ = {
			isa = PBXGroup;
			children = (
				0DD30E392502EB7500ADF9AF /* Ad.swift */,
				0DD30E4925037F1E00ADF9AF /* ImagesUrl.swift */,
			);
			path = Models;
			sourceTree = "<group>";
		};
		0DD30E462503777C00ADF9AF /* Views */ = {
			isa = PBXGroup;
			children = (
				0D45E0002506D14900F42D66 /* General */,
				0DD30E5C25065EB800ADF9AF /* Ads */,
				0DD30E5B25065EAE00ADF9AF /* AdDetails */,
			);
			path = Views;
			sourceTree = "<group>";
		};
		0DD30E472503778300ADF9AF /* Controllers */ = {
			isa = PBXGroup;
			children = (
				0DD30E1B25004B8D00ADF9AF /* AdsViewController.swift */,
				0DD30E4D2503959F00ADF9AF /* AdDetailsViewController.swift */,
			);
			path = Controllers;
			sourceTree = "<group>";
		};
		0DD30E482503778C00ADF9AF /* Utils */ = {
			isa = PBXGroup;
			children = (
				0DD30E3D2502EFDC00ADF9AF /* Extensions.swift */,
				0DD30E3F2502FD4B00ADF9AF /* Network.swift */,
				0D45E0072507E99800F42D66 /* Box.swift */,
			);
			path = Utils;
			sourceTree = "<group>";
		};
		0DD30E5B25065EAE00ADF9AF /* AdDetails */ = {
			isa = PBXGroup;
			children = (
				0DD30E4F2505173300ADF9AF /* DescriptionLabel.swift */,
				0DD30E512506216700ADF9AF /* DetailPrice.swift */,
			);
			path = AdDetails;
			sourceTree = "<group>";
		};
		0DD30E5C25065EB800ADF9AF /* Ads */ = {
			isa = PBXGroup;
			children = (
				0DD30E41250302E500ADF9AF /* FilterHeader.swift */,
				0DD30E432503721600ADF9AF /* FilterCell.swift */,
				0DD30E3B2502EDAB00ADF9AF /* AdCell.swift */,
				0D45E0032506D7FF00F42D66 /* ErrorCell.swift */,
			);
			path = Ads;
			sourceTree = "<group>";
		};
/* End PBXGroup section */

/* Begin PBXNativeTarget section */
		0DD30E1325004B8D00ADF9AF /* LeboncoinTest */ = {
			isa = PBXNativeTarget;
			buildConfigurationList = 0DD30E3325004B8F00ADF9AF /* Build configuration list for PBXNativeTarget "LeboncoinTest" */;
			buildPhases = (
				0DD30E1025004B8D00ADF9AF /* Sources */,
				0DD30E1125004B8D00ADF9AF /* Frameworks */,
				0DD30E1225004B8D00ADF9AF /* Resources */,
			);
			buildRules = (
			);
			dependencies = (
			);
			name = LeboncoinTest;
			productName = LeboncoinTest;
			productReference = 0DD30E1425004B8D00ADF9AF /* LeboncoinTest.app */;
			productType = "com.apple.product-type.application";
		};
		0DD30E2925004B8F00ADF9AF /* LeboncoinTestTests */ = {
			isa = PBXNativeTarget;
			buildConfigurationList = 0DD30E3625004B8F00ADF9AF /* Build configuration list for PBXNativeTarget "LeboncoinTestTests" */;
			buildPhases = (
				0DD30E2625004B8F00ADF9AF /* Sources */,
				0DD30E2725004B8F00ADF9AF /* Frameworks */,
				0DD30E2825004B8F00ADF9AF /* Resources */,
			);
			buildRules = (
			);
			dependencies = (
				0DD30E2C25004B8F00ADF9AF /* PBXTargetDependency */,
			);
			name = LeboncoinTestTests;
			productName = LeboncoinTestTests;
			productReference = 0DD30E2A25004B8F00ADF9AF /* LeboncoinTestTests.xctest */;
			productType = "com.apple.product-type.bundle.unit-test";
		};
/* End PBXNativeTarget section */

/* Begin PBXProject section */
		0DD30E0C25004B8D00ADF9AF /* Project object */ = {
			isa = PBXProject;
			attributes = {
				LastSwiftUpdateCheck = 1160;
				LastUpgradeCheck = 1160;
				ORGANIZATIONNAME = "Aurélien Haie";
				TargetAttributes = {
					0DD30E1325004B8D00ADF9AF = {
						CreatedOnToolsVersion = 11.6;
					};
					0DD30E2925004B8F00ADF9AF = {
						CreatedOnToolsVersion = 11.6;
						TestTargetID = 0DD30E1325004B8D00ADF9AF;
					};
				};
			};
			buildConfigurationList = 0DD30E0F25004B8D00ADF9AF /* Build configuration list for PBXProject "LeboncoinTest" */;
			compatibilityVersion = "Xcode 9.3";
			developmentRegion = en;
			hasScannedForEncodings = 0;
			knownRegions = (
				en,
				Base,
			);
			mainGroup = 0DD30E0B25004B8D00ADF9AF;
			productRefGroup = 0DD30E1525004B8D00ADF9AF /* Products */;
			projectDirPath = "";
			projectRoot = "";
			targets = (
				0DD30E1325004B8D00ADF9AF /* LeboncoinTest */,
				0DD30E2925004B8F00ADF9AF /* LeboncoinTestTests */,
			);
		};
/* End PBXProject section */

/* Begin PBXResourcesBuildPhase section */
		0DD30E1225004B8D00ADF9AF /* Resources */ = {
			isa = PBXResourcesBuildPhase;
			buildActionMask = 2147483647;
			files = (
				0DD30E2425004B8E00ADF9AF /* LaunchScreen.storyboard in Resources */,
				0DD30E2125004B8E00ADF9AF /* Assets.xcassets in Resources */,
			);
			runOnlyForDeploymentPostprocessing = 0;
		};
		0DD30E2825004B8F00ADF9AF /* Resources */ = {
			isa = PBXResourcesBuildPhase;
			buildActionMask = 2147483647;
			files = (
			);
			runOnlyForDeploymentPostprocessing = 0;
		};
/* End PBXResourcesBuildPhase section */

/* Begin PBXSourcesBuildPhase section */
		0DD30E1025004B8D00ADF9AF /* Sources */ = {
			isa = PBXSourcesBuildPhase;
			buildActionMask = 2147483647;
			files = (
				0DD30E4A25037F1E00ADF9AF /* ImagesUrl.swift in Sources */,
				0DD30E3E2502EFDC00ADF9AF /* Extensions.swift in Sources */,
				0DD30E442503721600ADF9AF /* FilterCell.swift in Sources */,
				0D45E0022506D29E00F42D66 /* SecondaryLabel.swift in Sources */,
				0DD30E522506216700ADF9AF /* DetailPrice.swift in Sources */,
				0D45E0062506E83D00F42D66 /* AdViewModel.swift in Sources */,
				0DD30E5A25065CF200ADF9AF /* UrgentLabel.swift in Sources */,
				0D45E0042506D7FF00F42D66 /* ErrorCell.swift in Sources */,
				0DD30E3C2502EDAB00ADF9AF /* AdCell.swift in Sources */,
				0DD30E402502FD4B00ADF9AF /* Network.swift in Sources */,
				0DD30E4C2503888B00ADF9AF /* OnlineImageView.swift in Sources */,
				0DD30E42250302E500ADF9AF /* FilterHeader.swift in Sources */,
				0DD30E1C25004B8D00ADF9AF /* AdsViewController.swift in Sources */,
				0DD30E1825004B8D00ADF9AF /* AppDelegate.swift in Sources */,
				0DD30E502505173300ADF9AF /* DescriptionLabel.swift in Sources */,
				0D45E0082507E99800F42D66 /* Box.swift in Sources */,
				0DD30E58250659D400ADF9AF /* BoldLabel.swift in Sources */,
				0DD30E562506587200ADF9AF /* RegularLabel.swift in Sources */,
				0DD30E542506563800ADF9AF /* TitleLabel.swift in Sources */,
				0DD30E3A2502EB7500ADF9AF /* Ad.swift in Sources */,
				0DD30E4E2503959F00ADF9AF /* AdDetailsViewController.swift in Sources */,
			);
			runOnlyForDeploymentPostprocessing = 0;
		};
		0DD30E2625004B8F00ADF9AF /* Sources */ = {
			isa = PBXSourcesBuildPhase;
			buildActionMask = 2147483647;
			files = (
				0DD30E2F25004B8F00ADF9AF /* LeboncoinTestTests.swift in Sources */,
			);
			runOnlyForDeploymentPostprocessing = 0;
		};
/* End PBXSourcesBuildPhase section */

/* Begin PBXTargetDependency section */
		0DD30E2C25004B8F00ADF9AF /* PBXTargetDependency */ = {
			isa = PBXTargetDependency;
			target = 0DD30E1325004B8D00ADF9AF /* LeboncoinTest */;
			targetProxy = 0DD30E2B25004B8F00ADF9AF /* PBXContainerItemProxy */;
		};
/* End PBXTargetDependency section */

/* Begin PBXVariantGroup section */
		0DD30E2225004B8E00ADF9AF /* LaunchScreen.storyboard */ = {
			isa = PBXVariantGroup;
			children = (
				0DD30E2325004B8E00ADF9AF /* Base */,
			);
			name = LaunchScreen.storyboard;
			sourceTree = "<group>";
		};
/* End PBXVariantGroup section */

/* Begin XCBuildConfiguration section */
		0DD30E3125004B8F00ADF9AF /* Debug */ = {
			isa = XCBuildConfiguration;
			buildSettings = {
				ALWAYS_SEARCH_USER_PATHS = NO;
				CLANG_ANALYZER_NONNULL = YES;
				CLANG_ANALYZER_NUMBER_OBJECT_CONVERSION = YES_AGGRESSIVE;
				CLANG_CXX_LANGUAGE_STANDARD = "gnu++14";
				CLANG_CXX_LIBRARY = "libc++";
				CLANG_ENABLE_MODULES = YES;
				CLANG_ENABLE_OBJC_ARC = YES;
				CLANG_ENABLE_OBJC_WEAK = YES;
				CLANG_WARN_BLOCK_CAPTURE_AUTORELEASING = YES;
				CLANG_WARN_BOOL_CONVERSION = YES;
				CLANG_WARN_COMMA = YES;
				CLANG_WARN_CONSTANT_CONVERSION = YES;
				CLANG_WARN_DEPRECATED_OBJC_IMPLEMENTATIONS = YES;
				CLANG_WARN_DIRECT_OBJC_ISA_USAGE = YES_ERROR;
				CLANG_WARN_DOCUMENTATION_COMMENTS = YES;
				CLANG_WARN_EMPTY_BODY = YES;
				CLANG_WARN_ENUM_CONVERSION = YES;
				CLANG_WARN_INFINITE_RECURSION = YES;
				CLANG_WARN_INT_CONVERSION = YES;
				CLANG_WARN_NON_LITERAL_NULL_CONVERSION = YES;
				CLANG_WARN_OBJC_IMPLICIT_RETAIN_SELF = YES;
				CLANG_WARN_OBJC_LITERAL_CONVERSION = YES;
				CLANG_WARN_OBJC_ROOT_CLASS = YES_ERROR;
				CLANG_WARN_RANGE_LOOP_ANALYSIS = YES;
				CLANG_WARN_STRICT_PROTOTYPES = YES;
				CLANG_WARN_SUSPICIOUS_MOVE = YES;
				CLANG_WARN_UNGUARDED_AVAILABILITY = YES_AGGRESSIVE;
				CLANG_WARN_UNREACHABLE_CODE = YES;
				CLANG_WARN__DUPLICATE_METHOD_MATCH = YES;
				COPY_PHASE_STRIP = NO;
				DEBUG_INFORMATION_FORMAT = dwarf;
				ENABLE_STRICT_OBJC_MSGSEND = YES;
				ENABLE_TESTABILITY = YES;
				GCC_C_LANGUAGE_STANDARD = gnu11;
				GCC_DYNAMIC_NO_PIC = NO;
				GCC_NO_COMMON_BLOCKS = YES;
				GCC_OPTIMIZATION_LEVEL = 0;
				GCC_PREPROCESSOR_DEFINITIONS = (
					"DEBUG=1",
					"$(inherited)",
				);
				GCC_WARN_64_TO_32_BIT_CONVERSION = YES;
				GCC_WARN_ABOUT_RETURN_TYPE = YES_ERROR;
				GCC_WARN_UNDECLARED_SELECTOR = YES;
				GCC_WARN_UNINITIALIZED_AUTOS = YES_AGGRESSIVE;
				GCC_WARN_UNUSED_FUNCTION = YES;
				GCC_WARN_UNUSED_VARIABLE = YES;
				IPHONEOS_DEPLOYMENT_TARGET = 13.6;
				MTL_ENABLE_DEBUG_INFO = INCLUDE_SOURCE;
				MTL_FAST_MATH = YES;
				ONLY_ACTIVE_ARCH = YES;
				SDKROOT = iphoneos;
				SWIFT_ACTIVE_COMPILATION_CONDITIONS = DEBUG;
				SWIFT_OPTIMIZATION_LEVEL = "-Onone";
			};
			name = Debug;
		};
		0DD30E3225004B8F00ADF9AF /* Release */ = {
			isa = XCBuildConfiguration;
			buildSettings = {
				ALWAYS_SEARCH_USER_PATHS = NO;
				CLANG_ANALYZER_NONNULL = YES;
				CLANG_ANALYZER_NUMBER_OBJECT_CONVERSION = YES_AGGRESSIVE;
				CLANG_CXX_LANGUAGE_STANDARD = "gnu++14";
				CLANG_CXX_LIBRARY = "libc++";
				CLANG_ENABLE_MODULES = YES;
				CLANG_ENABLE_OBJC_ARC = YES;
				CLANG_ENABLE_OBJC_WEAK = YES;
				CLANG_WARN_BLOCK_CAPTURE_AUTORELEASING = YES;
				CLANG_WARN_BOOL_CONVERSION = YES;
				CLANG_WARN_COMMA = YES;
				CLANG_WARN_CONSTANT_CONVERSION = YES;
				CLANG_WARN_DEPRECATED_OBJC_IMPLEMENTATIONS = YES;
				CLANG_WARN_DIRECT_OBJC_ISA_USAGE = YES_ERROR;
				CLANG_WARN_DOCUMENTATION_COMMENTS = YES;
				CLANG_WARN_EMPTY_BODY = YES;
				CLANG_WARN_ENUM_CONVERSION = YES;
				CLANG_WARN_INFINITE_RECURSION = YES;
				CLANG_WARN_INT_CONVERSION = YES;
				CLANG_WARN_NON_LITERAL_NULL_CONVERSION = YES;
				CLANG_WARN_OBJC_IMPLICIT_RETAIN_SELF = YES;
				CLANG_WARN_OBJC_LITERAL_CONVERSION = YES;
				CLANG_WARN_OBJC_ROOT_CLASS = YES_ERROR;
				CLANG_WARN_RANGE_LOOP_ANALYSIS = YES;
				CLANG_WARN_STRICT_PROTOTYPES = YES;
				CLANG_WARN_SUSPICIOUS_MOVE = YES;
				CLANG_WARN_UNGUARDED_AVAILABILITY = YES_AGGRESSIVE;
				CLANG_WARN_UNREACHABLE_CODE = YES;
				CLANG_WARN__DUPLICATE_METHOD_MATCH = YES;
				COPY_PHASE_STRIP = NO;
				DEBUG_INFORMATION_FORMAT = "dwarf-with-dsym";
				ENABLE_NS_ASSERTIONS = NO;
				ENABLE_STRICT_OBJC_MSGSEND = YES;
				GCC_C_LANGUAGE_STANDARD = gnu11;
				GCC_NO_COMMON_BLOCKS = YES;
				GCC_WARN_64_TO_32_BIT_CONVERSION = YES;
				GCC_WARN_ABOUT_RETURN_TYPE = YES_ERROR;
				GCC_WARN_UNDECLARED_SELECTOR = YES;
				GCC_WARN_UNINITIALIZED_AUTOS = YES_AGGRESSIVE;
				GCC_WARN_UNUSED_FUNCTION = YES;
				GCC_WARN_UNUSED_VARIABLE = YES;
				IPHONEOS_DEPLOYMENT_TARGET = 13.6;
				MTL_ENABLE_DEBUG_INFO = NO;
				MTL_FAST_MATH = YES;
				SDKROOT = iphoneos;
				SWIFT_COMPILATION_MODE = wholemodule;
				SWIFT_OPTIMIZATION_LEVEL = "-O";
				VALIDATE_PRODUCT = YES;
			};
			name = Release;
		};
		0DD30E3425004B8F00ADF9AF /* Debug */ = {
			isa = XCBuildConfiguration;
			buildSettings = {
				ASSETCATALOG_COMPILER_APPICON_NAME = AppIcon;
				CODE_SIGN_STYLE = Automatic;
				DEVELOPMENT_TEAM = TG34ANFDUK;
				INFOPLIST_FILE = LeboncoinTest/Info.plist;
				IPHONEOS_DEPLOYMENT_TARGET = 12.0;
				LD_RUNPATH_SEARCH_PATHS = (
					"$(inherited)",
					"@executable_path/Frameworks",
				);
				PRODUCT_BUNDLE_IDENTIFIER = com.aurelien.LeboncoinTest;
				PRODUCT_NAME = "$(TARGET_NAME)";
				SWIFT_VERSION = 5.0;
				TARGETED_DEVICE_FAMILY = 1;
			};
			name = Debug;
		};
		0DD30E3525004B8F00ADF9AF /* Release */ = {
			isa = XCBuildConfiguration;
			buildSettings = {
				ASSETCATALOG_COMPILER_APPICON_NAME = AppIcon;
				CODE_SIGN_STYLE = Automatic;
				DEVELOPMENT_TEAM = TG34ANFDUK;
				INFOPLIST_FILE = LeboncoinTest/Info.plist;
				IPHONEOS_DEPLOYMENT_TARGET = 12.0;
				LD_RUNPATH_SEARCH_PATHS = (
					"$(inherited)",
					"@executable_path/Frameworks",
				);
				PRODUCT_BUNDLE_IDENTIFIER = com.aurelien.LeboncoinTest;
				PRODUCT_NAME = "$(TARGET_NAME)";
				SWIFT_VERSION = 5.0;
				TARGETED_DEVICE_FAMILY = 1;
			};
			name = Release;
		};
		0DD30E3725004B8F00ADF9AF /* Debug */ = {
			isa = XCBuildConfiguration;
			buildSettings = {
				ALWAYS_EMBED_SWIFT_STANDARD_LIBRARIES = YES;
				BUNDLE_LOADER = "$(TEST_HOST)";
				CODE_SIGN_STYLE = Automatic;
				DEVELOPMENT_TEAM = 85TLDU6AKC;
				INFOPLIST_FILE = LeboncoinTestTests/Info.plist;
				IPHONEOS_DEPLOYMENT_TARGET = 13.6;
				LD_RUNPATH_SEARCH_PATHS = (
					"$(inherited)",
					"@executable_path/Frameworks",
					"@loader_path/Frameworks",
				);
				PRODUCT_BUNDLE_IDENTIFIER = com.aurelien.LeboncoinTestTests;
				PRODUCT_NAME = "$(TARGET_NAME)";
				SWIFT_VERSION = 5.0;
				TARGETED_DEVICE_FAMILY = "1,2";
				TEST_HOST = "$(BUILT_PRODUCTS_DIR)/LeboncoinTest.app/LeboncoinTest";
			};
			name = Debug;
		};
		0DD30E3825004B8F00ADF9AF /* Release */ = {
			isa = XCBuildConfiguration;
			buildSettings = {
				ALWAYS_EMBED_SWIFT_STANDARD_LIBRARIES = YES;
				BUNDLE_LOADER = "$(TEST_HOST)";
				CODE_SIGN_STYLE = Automatic;
				DEVELOPMENT_TEAM = 85TLDU6AKC;
				INFOPLIST_FILE = LeboncoinTestTests/Info.plist;
				IPHONEOS_DEPLOYMENT_TARGET = 13.6;
				LD_RUNPATH_SEARCH_PATHS = (
					"$(inherited)",
					"@executable_path/Frameworks",
					"@loader_path/Frameworks",
				);
				PRODUCT_BUNDLE_IDENTIFIER = com.aurelien.LeboncoinTestTests;
				PRODUCT_NAME = "$(TARGET_NAME)";
				SWIFT_VERSION = 5.0;
				TARGETED_DEVICE_FAMILY = "1,2";
				TEST_HOST = "$(BUILT_PRODUCTS_DIR)/LeboncoinTest.app/LeboncoinTest";
			};
			name = Release;
		};
/* End XCBuildConfiguration section */

/* Begin XCConfigurationList section */
		0DD30E0F25004B8D00ADF9AF /* Build configuration list for PBXProject "LeboncoinTest" */ = {
			isa = XCConfigurationList;
			buildConfigurations = (
				0DD30E3125004B8F00ADF9AF /* Debug */,
				0DD30E3225004B8F00ADF9AF /* Release */,
			);
			defaultConfigurationIsVisible = 0;
			defaultConfigurationName = Release;
		};
		0DD30E3325004B8F00ADF9AF /* Build configuration list for PBXNativeTarget "LeboncoinTest" */ = {
			isa = XCConfigurationList;
			buildConfigurations = (
				0DD30E3425004B8F00ADF9AF /* Debug */,
				0DD30E3525004B8F00ADF9AF /* Release */,
			);
			defaultConfigurationIsVisible = 0;
			defaultConfigurationName = Release;
		};
		0DD30E3625004B8F00ADF9AF /* Build configuration list for PBXNativeTarget "LeboncoinTestTests" */ = {
			isa = XCConfigurationList;
			buildConfigurations = (
				0DD30E3725004B8F00ADF9AF /* Debug */,
				0DD30E3825004B8F00ADF9AF /* Release */,
			);
			defaultConfigurationIsVisible = 0;
			defaultConfigurationName = Release;
		};
/* End XCConfigurationList section */
	};
	rootObject = 0DD30E0C25004B8D00ADF9AF /* Project object */;
}
